
Microsoft Visual Studio Solution File, Format Version 12.00
# Visual Studio Version 16
VisualStudioVersion = 16.0.31410.357
MinimumVisualStudioVersion = 10.0.40219.1
Project("{FAE04EC0-301F-11D3-BF4B-00C04F79EFBC}") = "GetScreenResolution", "GetScreenResolution\GetScreenResolution.csproj", "{55EC360C-609F-4AA6-9167-7562CBD028AA}"
EndProject
Global
	GlobalSection(SolutionConfigurationPlatforms) = preSolution
		Debug|Any CPU = Debug|Any CPU
		Release|Any CPU = Release|Any CPU
	EndGlobalSection
	GlobalSection(ProjectConfigurationPlatforms) = postSolution
		{55EC360C-609F-4AA6-9167-7562CBD028AA}.Debug|Any CPU.ActiveCfg = Debug|Any CPU
		{55EC360C-609F-4AA6-9167-7562CBD028AA}.Debug|Any CPU.Build.0 = Debug|Any CPU
		{55EC360C-609F-4AA6-9167-7562CBD028AA}.Release|Any CPU.ActiveCfg = Release|Any CPU
		{55EC360C-609F-4AA6-9167-7562CBD028AA}.Release|Any CPU.Build.0 = Release|Any CPU
	EndGlobalSection
	GlobalSection(SolutionProperties) = preSolution
		HideSolutionNode = FALSE
	EndGlobalSection
	GlobalSection(ExtensibilityGlobals) = postSolution
		SolutionGuid = {D15F7CD7-77EA-41EE-B153-D035A3C14EA1}
	EndGlobalSection
EndGlobal
